
Microsoft Visual Studio Solution File, Format Version 12.00
# Visual Studio 15
Project("{FAE04EC0-301F-11D3-BF4B-00C04F79EFBC}") = "Velocidad-de-lectura.Android", "Velocidad-de-lectura.Android\Velocidad-de-lectura.Android.csproj", "{6723F181-4070-474F-A49C-5449458A647C}"
EndProject
Project("{FAE04EC0-301F-11D3-BF4B-00C04F79EFBC}") = "Velocidad-de-lectura.iOS", "Velocidad-de-lectura.iOS\Velocidad-de-lectura.iOS.csproj", "{6BD328E2-8010-4FF0-ACFE-D36FE42AB240}"
EndProject
Project("{FAE04EC0-301F-11D3-BF4B-00C04F79EFBC}") = "Velocidad-de-lectura.UITests", "Velocidad-de-lectura.UITests\Velocidad-de-lectura.UITests.csproj", "{3C1F171D-990E-42EB-87AF-165B429B47B9}"
EndProject
Project("{FAE04EC0-301F-11D3-BF4B-00C04F79EFBC}") = "Velocidad-de-lectura", "Velocidad-de-lectura\Velocidad-de-lectura.csproj", "{64CD4F9B-F4B2-4C3E-81D7-A6B53218AC65}"
EndProject
Project("{FAE04EC0-301F-11D3-BF4B-00C04F79EFBC}") = "Unit-Test", "Unit-Test\Unit-Test.csproj", "{ED0D3223-61EB-48A2-A1A8-2255A5C4F1B6}"
EndProject
Global
	GlobalSection(SolutionConfigurationPlatforms) = preSolution
		Debug|Any CPU = Debug|Any CPU
		Release|Any CPU = Release|Any CPU
		Debug|iPhoneSimulator = Debug|iPhoneSimulator
		Release|iPhoneSimulator = Release|iPhoneSimulator
		Debug|iPhone = Debug|iPhone
		Release|iPhone = Release|iPhone
	EndGlobalSection
	GlobalSection(ProjectConfigurationPlatforms) = postSolution
		{6723F181-4070-474F-A49C-5449458A647C}.Debug|Any CPU.ActiveCfg = Debug|Any CPU
		{6723F181-4070-474F-A49C-5449458A647C}.Debug|Any CPU.Build.0 = Debug|Any CPU
		{6723F181-4070-474F-A49C-5449458A647C}.Release|Any CPU.ActiveCfg = Release|Any CPU
		{6723F181-4070-474F-A49C-5449458A647C}.Release|Any CPU.Build.0 = Release|Any CPU
		{6723F181-4070-474F-A49C-5449458A647C}.Debug|iPhoneSimulator.ActiveCfg = Debug|Any CPU
		{6723F181-4070-474F-A49C-5449458A647C}.Debug|iPhoneSimulator.Build.0 = Debug|Any CPU
		{6723F181-4070-474F-A49C-5449458A647C}.Release|iPhoneSimulator.ActiveCfg = Release|Any CPU
		{6723F181-4070-474F-A49C-5449458A647C}.Release|iPhoneSimulator.Build.0 = Release|Any CPU
		{6723F181-4070-474F-A49C-5449458A647C}.Debug|iPhone.ActiveCfg = Debug|Any CPU
		{6723F181-4070-474F-A49C-5449458A647C}.Debug|iPhone.Build.0 = Debug|Any CPU
		{6723F181-4070-474F-A49C-5449458A647C}.Release|iPhone.ActiveCfg = Release|Any CPU
		{6723F181-4070-474F-A49C-5449458A647C}.Release|iPhone.Build.0 = Release|Any CPU
		{6BD328E2-8010-4FF0-ACFE-D36FE42AB240}.Debug|Any CPU.ActiveCfg = Debug|iPhoneSimulator
		{6BD328E2-8010-4FF0-ACFE-D36FE42AB240}.Debug|Any CPU.Build.0 = Debug|iPhoneSimulator
		{6BD328E2-8010-4FF0-ACFE-D36FE42AB240}.Release|Any CPU.ActiveCfg = Release|iPhoneSimulator
		{6BD328E2-8010-4FF0-ACFE-D36FE42AB240}.Release|Any CPU.Build.0 = Release|iPhoneSimulator
		{6BD328E2-8010-4FF0-ACFE-D36FE42AB240}.Debug|iPhoneSimulator.ActiveCfg = Debug|iPhoneSimulator
		{6BD328E2-8010-4FF0-ACFE-D36FE42AB240}.Debug|iPhoneSimulator.Build.0 = Debug|iPhoneSimulator
		{6BD328E2-8010-4FF0-ACFE-D36FE42AB240}.Release|iPhoneSimulator.ActiveCfg = Release|iPhoneSimulator
		{6BD328E2-8010-4FF0-ACFE-D36FE42AB240}.Release|iPhoneSimulator.Build.0 = Release|iPhoneSimulator
		{6BD328E2-8010-4FF0-ACFE-D36FE42AB240}.Debug|iPhone.ActiveCfg = Debug|iPhone
		{6BD328E2-8010-4FF0-ACFE-D36FE42AB240}.Debug|iPhone.Build.0 = Debug|iPhone
		{6BD328E2-8010-4FF0-ACFE-D36FE42AB240}.Release|iPhone.ActiveCfg = Release|iPhone
		{6BD328E2-8010-4FF0-ACFE-D36FE42AB240}.Release|iPhone.Build.0 = Release|iPhone
		{3C1F171D-990E-42EB-87AF-165B429B47B9}.Debug|Any CPU.ActiveCfg = Debug|Any CPU
		{3C1F171D-990E-42EB-87AF-165B429B47B9}.Debug|Any CPU.Build.0 = Debug|Any CPU
		{3C1F171D-990E-42EB-87AF-165B429B47B9}.Release|Any CPU.ActiveCfg = Release|Any CPU
		{3C1F171D-990E-42EB-87AF-165B429B47B9}.Release|Any CPU.Build.0 = Release|Any CPU
		{3C1F171D-990E-42EB-87AF-165B429B47B9}.Debug|iPhoneSimulator.ActiveCfg = Debug|Any CPU
		{3C1F171D-990E-42EB-87AF-165B429B47B9}.Debug|iPhoneSimulator.Build.0 = Debug|Any CPU
		{3C1F171D-990E-42EB-87AF-165B429B47B9}.Release|iPhoneSimulator.ActiveCfg = Release|Any CPU
		{3C1F171D-990E-42EB-87AF-165B429B47B9}.Release|iPhoneSimulator.Build.0 = Release|Any CPU
		{3C1F171D-990E-42EB-87AF-165B429B47B9}.Debug|iPhone.ActiveCfg = Debug|Any CPU
		{3C1F171D-990E-42EB-87AF-165B429B47B9}.Debug|iPhone.Build.0 = Debug|Any CPU
		{3C1F171D-990E-42EB-87AF-165B429B47B9}.Release|iPhone.ActiveCfg = Release|Any CPU
		{3C1F171D-990E-42EB-87AF-165B429B47B9}.Release|iPhone.Build.0 = Release|Any CPU
		{64CD4F9B-F4B2-4C3E-81D7-A6B53218AC65}.Debug|Any CPU.ActiveCfg = Debug|Any CPU
		{64CD4F9B-F4B2-4C3E-81D7-A6B53218AC65}.Debug|Any CPU.Build.0 = Debug|Any CPU
		{64CD4F9B-F4B2-4C3E-81D7-A6B53218AC65}.Release|Any CPU.ActiveCfg = Release|Any CPU
		{64CD4F9B-F4B2-4C3E-81D7-A6B53218AC65}.Release|Any CPU.Build.0 = Release|Any CPU
		{64CD4F9B-F4B2-4C3E-81D7-A6B53218AC65}.Debug|iPhoneSimulator.ActiveCfg = Debug|Any CPU
		{64CD4F9B-F4B2-4C3E-81D7-A6B53218AC65}.Debug|iPhoneSimulator.Build.0 = Debug|Any CPU
		{64CD4F9B-F4B2-4C3E-81D7-A6B53218AC65}.Release|iPhoneSimulator.ActiveCfg = Release|Any CPU
		{64CD4F9B-F4B2-4C3E-81D7-A6B53218AC65}.Release|iPhoneSimulator.Build.0 = Release|Any CPU
		{64CD4F9B-F4B2-4C3E-81D7-A6B53218AC65}.Debug|iPhone.ActiveCfg = Debug|Any CPU
		{64CD4F9B-F4B2-4C3E-81D7-A6B53218AC65}.Debug|iPhone.Build.0 = Debug|Any CPU
		{64CD4F9B-F4B2-4C3E-81D7-A6B53218AC65}.Release|iPhone.ActiveCfg = Release|Any CPU
		{64CD4F9B-F4B2-4C3E-81D7-A6B53218AC65}.Release|iPhone.Build.0 = Release|Any CPU
		{ED0D3223-61EB-48A2-A1A8-2255A5C4F1B6}.Debug|Any CPU.ActiveCfg = Debug|Any CPU
		{ED0D3223-61EB-48A2-A1A8-2255A5C4F1B6}.Debug|Any CPU.Build.0 = Debug|Any CPU
		{ED0D3223-61EB-48A2-A1A8-2255A5C4F1B6}.Release|Any CPU.ActiveCfg = Release|Any CPU
		{ED0D3223-61EB-48A2-A1A8-2255A5C4F1B6}.Release|Any CPU.Build.0 = Release|Any CPU
		{ED0D3223-61EB-48A2-A1A8-2255A5C4F1B6}.Debug|iPhoneSimulator.ActiveCfg = Debug|Any CPU
		{ED0D3223-61EB-48A2-A1A8-2255A5C4F1B6}.Debug|iPhoneSimulator.Build.0 = Debug|Any CPU
		{ED0D3223-61EB-48A2-A1A8-2255A5C4F1B6}.Release|iPhoneSimulator.ActiveCfg = Release|Any CPU
		{ED0D3223-61EB-48A2-A1A8-2255A5C4F1B6}.Release|iPhoneSimulator.Build.0 = Release|Any CPU
		{ED0D3223-61EB-48A2-A1A8-2255A5C4F1B6}.Debug|iPhone.ActiveCfg = Debug|Any CPU
		{ED0D3223-61EB-48A2-A1A8-2255A5C4F1B6}.Debug|iPhone.Build.0 = Debug|Any CPU
		{ED0D3223-61EB-48A2-A1A8-2255A5C4F1B6}.Release|iPhone.ActiveCfg = Release|Any CPU
		{ED0D3223-61EB-48A2-A1A8-2255A5C4F1B6}.Release|iPhone.Build.0 = Release|Any CPU
	EndGlobalSection
EndGlobal
